{
  "name": "@techfabric/angular-app",
  "version": "0.0.6",
  "lockfileVersion": 1,
  "requires": true,
  "dependencies": {
    "@techfabric/angular-controls": {
      "version": "0.0.7",
      "resolved": "https://registry.npmjs.org/@techfabric/angular-controls/-/angular-controls-0.0.7.tgz",
      "integrity": "sha512-N9Oc69z7wgR4XsMCiOm2DKuEDuri80E7egR77EVNGuPYQrMNcL9OtLP1gQ1web2B/mTwJBcOajReaylUiZ6hmw==",
      "requires": {
        "tslib": "^2.3.0"
      }
    },
    "tslib": {
      "version": "2.4.0",
      "resolved": "https://registry.npmjs.org/tslib/-/tslib-2.4.0.tgz",
      "integrity": "sha512-d6xOpEDfsi2CZVlPQzGeux8XMwLT9hssAsaPYExaQMuYskwb+x1x7J371tWlbBdWHroy99KnVB6qIkUbs5X3UQ=="
    }
  }
}
