{
  "name": "@techfabric/angular",
  "version": "0.0.49",
  "lockfileVersion": 1,
  "requires": true,
  "dependencies": {
    "@techfabric/msal-ngrx": {
      "version": "0.0.3",
      "resolved": "https://registry.npmjs.org/@techfabric/msal-ngrx/-/msal-ngrx-0.0.3.tgz",
      "integrity": "sha512-B73zLmsQ2wylmUwIA7Ap3STAn8ADa3W3tpJ7DSyhEx3JqZbLS2pEf/YXHKXphx1/kLwaU0DAI2k+8F4W31FyrA==",
      "requires": {
        "tslib": "^2.3.0"
      },
      "dependencies": {
        "tslib": {
          "version": "2.4.0",
          "resolved": "https://registry.npmjs.org/tslib/-/tslib-2.4.0.tgz",
          "integrity": "sha512-d6xOpEDfsi2CZVlPQzGeux8XMwLT9hssAsaPYExaQMuYskwb+x1x7J371tWlbBdWHroy99KnVB6qIkUbs5X3UQ=="
        }
      }
    }
  }
}
